// !$*UTF8*$!
{
	archiveVersion = 1;
	classes = {
	};
	objectVersion = 46;
	objects = {

/* Begin PBXBuildFile section */
		C20C7B661D3CC6ED00CA473F /* PIcAndCommentTableViewCell.m in Sources */ = {isa = PBXBuildFile; fileRef = C20C7B651D3CC6ED00CA473F /* PIcAndCommentTableViewCell.m */; };
		C20C7B691D3E3AC600CA473F /* AddLocationVC.m in Sources */ = {isa = PBXBuildFile; fileRef = C20C7B681D3E3AC600CA473F /* AddLocationVC.m */; };
		C21AFB211D2407D000B243DB /* PostImageVC.m in Sources */ = {isa = PBXBuildFile; fileRef = C21AFB201D2407D000B243DB /* PostImageVC.m */; };
		C21AFB251D2422FC00B243DB /* CoreDataManager.m in Sources */ = {isa = PBXBuildFile; fileRef = C21AFB241D2422FC00B243DB /* CoreDataManager.m */; };
		C21AFB7C1D2FF83A00B243DB /* PostDetailVC.m in Sources */ = {isa = PBXBuildFile; fileRef = C21AFB7B1D2FF83A00B243DB /* PostDetailVC.m */; };
		C2283CC31D8B567800DD3ACD /* Picture+CoreDataProperties.m in Sources */ = {isa = PBXBuildFile; fileRef = C2283CBC1D8B567800DD3ACD /* Picture+CoreDataProperties.m */; };
		C2283CC41D8B567800DD3ACD /* Picture.m in Sources */ = {isa = PBXBuildFile; fileRef = C2283CBE1D8B567800DD3ACD /* Picture.m */; };
		C2283CC51D8B567800DD3ACD /* Comment+CoreDataProperties.m in Sources */ = {isa = PBXBuildFile; fileRef = C2283CC01D8B567800DD3ACD /* Comment+CoreDataProperties.m */; };
		C2283CC61D8B567800DD3ACD /* Comment.m in Sources */ = {isa = PBXBuildFile; fileRef = C2283CC21D8B567800DD3ACD /* Comment.m */; };
		C2283CCA1D8C5F4500DD3ACD /* NSManagedObjectContext+Concurrent.m in Sources */ = {isa = PBXBuildFile; fileRef = C2283CC91D8C5F4500DD3ACD /* NSManagedObjectContext+Concurrent.m */; };
		C2283CCF1D8C600700DD3ACD /* CoreDataDAL.m in Sources */ = {isa = PBXBuildFile; fileRef = C2283CCE1D8C600700DD3ACD /* CoreDataDAL.m */; };
		C24781271D3FDF0D0045A79F /* CoreLocation.framework in Frameworks */ = {isa = PBXBuildFile; fileRef = C24781261D3FDF0D0045A79F /* CoreLocation.framework */; };
		C24781291D41024A0045A79F /* MapKit.framework in Frameworks */ = {isa = PBXBuildFile; fileRef = C24781281D41024A0045A79F /* MapKit.framework */; };
		C24781301D4107F40045A79F /* NearbyLocation.m in Sources */ = {isa = PBXBuildFile; fileRef = C247812F1D4107F40045A79F /* NearbyLocation.m */; };
		C2503C931D0F6EFE0039C802 /* CustomImageFlowLayout.m in Sources */ = {isa = PBXBuildFile; fileRef = C2503C921D0F6EFE0039C802 /* CustomImageFlowLayout.m */; };
		C2503C961D0F71150039C802 /* ImageCollectionViewCell.m in Sources */ = {isa = PBXBuildFile; fileRef = C2503C951D0F71150039C802 /* ImageCollectionViewCell.m */; };
		C29772C91D0D412A00FE313D /* HomeVC.m in Sources */ = {isa = PBXBuildFile; fileRef = C29772C81D0D412A00FE313D /* HomeVC.m */; };
		C2AA35D51D866D9600AB691F /* AuthenticationViewController.m in Sources */ = {isa = PBXBuildFile; fileRef = C2AA35D41D866D9600AB691F /* AuthenticationViewController.m */; };
		C2EEC6721D08C4A2006E8058 /* main.m in Sources */ = {isa = PBXBuildFile; fileRef = C2EEC6711D08C4A2006E8058 /* main.m */; };
		C2EEC6751D08C4A2006E8058 /* AppDelegate.m in Sources */ = {isa = PBXBuildFile; fileRef = C2EEC6741D08C4A2006E8058 /* AppDelegate.m */; };
		C2EEC67B1D08C4A2006E8058 /* Main.storyboard in Resources */ = {isa = PBXBuildFile; fileRef = C2EEC6791D08C4A2006E8058 /* Main.storyboard */; };
		C2EEC67E1D08C4A2006E8058 /* PrivateJournal.xcdatamodeld in Sources */ = {isa = PBXBuildFile; fileRef = C2EEC67C1D08C4A2006E8058 /* PrivateJournal.xcdatamodeld */; };
		C2EEC6801D08C4A2006E8058 /* Assets.xcassets in Resources */ = {isa = PBXBuildFile; fileRef = C2EEC67F1D08C4A2006E8058 /* Assets.xcassets */; };
		C2EEC6831D08C4A2006E8058 /* LaunchScreen.storyboard in Resources */ = {isa = PBXBuildFile; fileRef = C2EEC6811D08C4A2006E8058 /* LaunchScreen.storyboard */; };
		C2EEC68E1D08C4A2006E8058 /* PrivateJournalTests.m in Sources */ = {isa = PBXBuildFile; fileRef = C2EEC68D1D08C4A2006E8058 /* PrivateJournalTests.m */; };
		C2EEC6991D08C4A2006E8058 /* PrivateJournalUITests.m in Sources */ = {isa = PBXBuildFile; fileRef = C2EEC6981D08C4A2006E8058 /* PrivateJournalUITests.m */; };
/* End PBXBuildFile section */

/* Begin PBXContainerItemProxy section */
		C2EEC68A1D08C4A2006E8058 /* PBXContainerItemProxy */ = {
			isa = PBXContainerItemProxy;
			containerPortal = C2EEC6651D08C4A2006E8058 /* Project object */;
			proxyType = 1;
			remoteGlobalIDString = C2EEC66C1D08C4A2006E8058;
			remoteInfo = PrivateJournal;
		};
		C2EEC6951D08C4A2006E8058 /* PBXContainerItemProxy */ = {
			isa = PBXContainerItemProxy;
			containerPortal = C2EEC6651D08C4A2006E8058 /* Project object */;
			proxyType = 1;
			remoteGlobalIDString = C2EEC66C1D08C4A2006E8058;
			remoteInfo = PrivateJournal;
		};
/* End PBXContainerItemProxy section */

/* Begin PBXFileReference section */
		C20C7B641D3CC6ED00CA473F /* PIcAndCommentTableViewCell.h */ = {isa = PBXFileReference; fileEncoding = 4; lastKnownFileType = sourcecode.c.h; path = PIcAndCommentTableViewCell.h; sourceTree = "<group>"; };
		C20C7B651D3CC6ED00CA473F /* PIcAndCommentTableViewCell.m */ = {isa = PBXFileReference; fileEncoding = 4; lastKnownFileType = sourcecode.c.objc; path = PIcAndCommentTableViewCell.m; sourceTree = "<group>"; };
		C20C7B671D3E3AC600CA473F /* AddLocationVC.h */ = {isa = PBXFileReference; fileEncoding = 4; lastKnownFileType = sourcecode.c.h; path = AddLocationVC.h; sourceTree = "<group>"; };
		C20C7B681D3E3AC600CA473F /* AddLocationVC.m */ = {isa = PBXFileReference; fileEncoding = 4; lastKnownFileType = sourcecode.c.objc; path = AddLocationVC.m; sourceTree = "<group>"; };
		C21AFB201D2407D000B243DB /* PostImageVC.m */ = {isa = PBXFileReference; fileEncoding = 4; lastKnownFileType = sourcecode.c.objc; path = PostImageVC.m; sourceTree = "<group>"; };
		C21AFB231D2422FC00B243DB /* CoreDataManager.h */ = {isa = PBXFileReference; fileEncoding = 4; lastKnownFileType = sourcecode.c.h; path = CoreDataManager.h; sourceTree = "<group>"; };
		C21AFB241D2422FC00B243DB /* CoreDataManager.m */ = {isa = PBXFileReference; fileEncoding = 4; lastKnownFileType = sourcecode.c.objc; path = CoreDataManager.m; sourceTree = "<group>"; };
		C21AFB7A1D2FF83A00B243DB /* PostDetailVC.h */ = {isa = PBXFileReference; fileEncoding = 4; lastKnownFileType = sourcecode.c.h; path = PostDetailVC.h; sourceTree = "<group>"; };
		C21AFB7B1D2FF83A00B243DB /* PostDetailVC.m */ = {isa = PBXFileReference; fileEncoding = 4; lastKnownFileType = sourcecode.c.objc; path = PostDetailVC.m; sourceTree = "<group>"; };
		C2283CBB1D8B567800DD3ACD /* Picture+CoreDataProperties.h */ = {isa = PBXFileReference; fileEncoding = 4; lastKnownFileType = sourcecode.c.h; name = "Picture+CoreDataProperties.h"; path = "../Picture+CoreDataProperties.h"; sourceTree = "<group>"; };
		C2283CBC1D8B567800DD3ACD /* Picture+CoreDataProperties.m */ = {isa = PBXFileReference; fileEncoding = 4; lastKnownFileType = sourcecode.c.objc; name = "Picture+CoreDataProperties.m"; path = "../Picture+CoreDataProperties.m"; sourceTree = "<group>"; };
		C2283CBD1D8B567800DD3ACD /* Picture.h */ = {isa = PBXFileReference; fileEncoding = 4; lastKnownFileType = sourcecode.c.h; name = Picture.h; path = ../Picture.h; sourceTree = "<group>"; };
		C2283CBE1D8B567800DD3ACD /* Picture.m */ = {isa = PBXFileReference; fileEncoding = 4; lastKnownFileType = sourcecode.c.objc; name = Picture.m; path = ../Picture.m; sourceTree = "<group>"; };
		C2283CBF1D8B567800DD3ACD /* Comment+CoreDataProperties.h */ = {isa = PBXFileReference; fileEncoding = 4; lastKnownFileType = sourcecode.c.h; name = "Comment+CoreDataProperties.h"; path = "../Comment+CoreDataProperties.h"; sourceTree = "<group>"; };
		C2283CC01D8B567800DD3ACD /* Comment+CoreDataProperties.m */ = {isa = PBXFileReference; fileEncoding = 4; lastKnownFileType = sourcecode.c.objc; name = "Comment+CoreDataProperties.m"; path = "../Comment+CoreDataProperties.m"; sourceTree = "<group>"; };
		C2283CC11D8B567800DD3ACD /* Comment.h */ = {isa = PBXFileReference; fileEncoding = 4; lastKnownFileType = sourcecode.c.h; name = Comment.h; path = ../Comment.h; sourceTree = "<group>"; };
		C2283CC21D8B567800DD3ACD /* Comment.m */ = {isa = PBXFileReference; fileEncoding = 4; lastKnownFileType = sourcecode.c.objc; name = Comment.m; path = ../Comment.m; sourceTree = "<group>"; };
		C2283CC81D8C5F4500DD3ACD /* NSManagedObjectContext+Concurrent.h */ = {isa = PBXFileReference; fileEncoding = 4; lastKnownFileType = sourcecode.c.h; path = "NSManagedObjectContext+Concurrent.h"; sourceTree = "<group>"; };
		C2283CC91D8C5F4500DD3ACD /* NSManagedObjectContext+Concurrent.m */ = {isa = PBXFileReference; fileEncoding = 4; lastKnownFileType = sourcecode.c.objc; path = "NSManagedObjectContext+Concurrent.m"; sourceTree = "<group>"; };
		C2283CCD1D8C600700DD3ACD /* CoreDataDAL.h */ = {isa = PBXFileReference; fileEncoding = 4; lastKnownFileType = sourcecode.c.h; path = CoreDataDAL.h; sourceTree = "<group>"; };
		C2283CCE1D8C600700DD3ACD /* CoreDataDAL.m */ = {isa = PBXFileReference; fileEncoding = 4; lastKnownFileType = sourcecode.c.objc; path = CoreDataDAL.m; sourceTree = "<group>"; };
		C24781261D3FDF0D0045A79F /* CoreLocation.framework */ = {isa = PBXFileReference; lastKnownFileType = wrapper.framework; name = CoreLocation.framework; path = System/Library/Frameworks/CoreLocation.framework; sourceTree = SDKROOT; };
		C24781281D41024A0045A79F /* MapKit.framework */ = {isa = PBXFileReference; lastKnownFileType = wrapper.framework; name = MapKit.framework; path = System/Library/Frameworks/MapKit.framework; sourceTree = SDKROOT; };
		C247812E1D4107F40045A79F /* NearbyLocation.h */ = {isa = PBXFileReference; fileEncoding = 4; lastKnownFileType = sourcecode.c.h; path = NearbyLocation.h; sourceTree = "<group>"; };
		C247812F1D4107F40045A79F /* NearbyLocation.m */ = {isa = PBXFileReference; fileEncoding = 4; lastKnownFileType = sourcecode.c.objc; path = NearbyLocation.m; sourceTree = "<group>"; };
		C24781321D4432A90045A79F /* PostImageVC.h */ = {isa = PBXFileReference; lastKnownFileType = sourcecode.c.h; path = PostImageVC.h; sourceTree = "<group>"; };
		C2503C911D0F6EFE0039C802 /* CustomImageFlowLayout.h */ = {isa = PBXFileReference; fileEncoding = 4; lastKnownFileType = sourcecode.c.h; path = CustomImageFlowLayout.h; sourceTree = "<group>"; };
		C2503C921D0F6EFE0039C802 /* CustomImageFlowLayout.m */ = {isa = PBXFileReference; fileEncoding = 4; lastKnownFileType = sourcecode.c.objc; path = CustomImageFlowLayout.m; sourceTree = "<group>"; };
		C2503C941D0F71150039C802 /* ImageCollectionViewCell.h */ = {isa = PBXFileReference; fileEncoding = 4; lastKnownFileType = sourcecode.c.h; path = ImageCollectionViewCell.h; sourceTree = "<group>"; };
		C2503C951D0F71150039C802 /* ImageCollectionViewCell.m */ = {isa = PBXFileReference; fileEncoding = 4; lastKnownFileType = sourcecode.c.objc; path = ImageCollectionViewCell.m; sourceTree = "<group>"; };
		C2503C971D0F73D00039C802 /* Photos.framework */ = {isa = PBXFileReference; lastKnownFileType = wrapper.framework; name = Photos.framework; path = System/Library/Frameworks/Photos.framework; sourceTree = SDKROOT; };
		C2503C991D0F73D70039C802 /* MobileCoreServices.framework */ = {isa = PBXFileReference; lastKnownFileType = wrapper.framework; name = MobileCoreServices.framework; path = System/Library/Frameworks/MobileCoreServices.framework; sourceTree = SDKROOT; };
		C29772C71D0D412A00FE313D /* HomeVC.h */ = {isa = PBXFileReference; fileEncoding = 4; lastKnownFileType = sourcecode.c.h; name = HomeVC.h; path = ../HomeVC.h; sourceTree = "<group>"; };
		C29772C81D0D412A00FE313D /* HomeVC.m */ = {isa = PBXFileReference; fileEncoding = 4; lastKnownFileType = sourcecode.c.objc; name = HomeVC.m; path = ../HomeVC.m; sourceTree = "<group>"; };
		C2AA35D31D866D9600AB691F /* AuthenticationViewController.h */ = {isa = PBXFileReference; fileEncoding = 4; lastKnownFileType = sourcecode.c.h; path = AuthenticationViewController.h; sourceTree = "<group>"; };
		C2AA35D41D866D9600AB691F /* AuthenticationViewController.m */ = {isa = PBXFileReference; fileEncoding = 4; lastKnownFileType = sourcecode.c.objc; path = AuthenticationViewController.m; sourceTree = "<group>"; };
		C2EEC66D1D08C4A2006E8058 /* PrivateJournal.app */ = {isa = PBXFileReference; explicitFileType = wrapper.application; includeInIndex = 0; path = PrivateJournal.app; sourceTree = BUILT_PRODUCTS_DIR; };
		C2EEC6711D08C4A2006E8058 /* main.m */ = {isa = PBXFileReference; lastKnownFileType = sourcecode.c.objc; path = main.m; sourceTree = "<group>"; };
		C2EEC6731D08C4A2006E8058 /* AppDelegate.h */ = {isa = PBXFileReference; lastKnownFileType = sourcecode.c.h; path = AppDelegate.h; sourceTree = "<group>"; };
		C2EEC6741D08C4A2006E8058 /* AppDelegate.m */ = {isa = PBXFileReference; lastKnownFileType = sourcecode.c.objc; path = AppDelegate.m; sourceTree = "<group>"; };
		C2EEC67A1D08C4A2006E8058 /* Base */ = {isa = PBXFileReference; lastKnownFileType = file.storyboard; name = Base; path = Base.lproj/Main.storyboard; sourceTree = "<group>"; };
		C2EEC67D1D08C4A2006E8058 /* PrivateJournal.xcdatamodel */ = {isa = PBXFileReference; lastKnownFileType = wrapper.xcdatamodel; path = PrivateJournal.xcdatamodel; sourceTree = "<group>"; };
		C2EEC67F1D08C4A2006E8058 /* Assets.xcassets */ = {isa = PBXFileReference; lastKnownFileType = folder.assetcatalog; path = Assets.xcassets; sourceTree = "<group>"; };
		C2EEC6821D08C4A2006E8058 /* Base */ = {isa = PBXFileReference; lastKnownFileType = file.storyboard; name = Base; path = Base.lproj/LaunchScreen.storyboard; sourceTree = "<group>"; };
		C2EEC6841D08C4A2006E8058 /* Info.plist */ = {isa = PBXFileReference; lastKnownFileType = text.plist.xml; path = Info.plist; sourceTree = "<group>"; };
		C2EEC6891D08C4A2006E8058 /* PrivateJournalTests.xctest */ = {isa = PBXFileReference; explicitFileType = wrapper.cfbundle; includeInIndex = 0; path = PrivateJournalTests.xctest; sourceTree = BUILT_PRODUCTS_DIR; };
		C2EEC68D1D08C4A2006E8058 /* PrivateJournalTests.m */ = {isa = PBXFileReference; lastKnownFileType = sourcecode.c.objc; path = PrivateJournalTests.m; sourceTree = "<group>"; };
		C2EEC68F1D08C4A2006E8058 /* Info.plist */ = {isa = PBXFileReference; lastKnownFileType = text.plist.xml; path = Info.plist; sourceTree = "<group>"; };
		C2EEC6941D08C4A2006E8058 /* PrivateJournalUITests.xctest */ = {isa = PBXFileReference; explicitFileType = wrapper.cfbundle; includeInIndex = 0; path = PrivateJournalUITests.xctest; sourceTree = BUILT_PRODUCTS_DIR; };
		C2EEC6981D08C4A2006E8058 /* PrivateJournalUITests.m */ = {isa = PBXFileReference; lastKnownFileType = sourcecode.c.objc; path = PrivateJournalUITests.m; sourceTree = "<group>"; };
		C2EEC69A1D08C4A2006E8058 /* Info.plist */ = {isa = PBXFileReference; lastKnownFileType = text.plist.xml; path = Info.plist; sourceTree = "<group>"; };
/* End PBXFileReference section */

/* Begin PBXFrameworksBuildPhase section */
		C2EEC66A1D08C4A2006E8058 /* Frameworks */ = {
			isa = PBXFrameworksBuildPhase;
			buildActionMask = 2147483647;
			files = (
				C24781291D41024A0045A79F /* MapKit.framework in Frameworks */,
				C24781271D3FDF0D0045A79F /* CoreLocation.framework in Frameworks */,
			);
			runOnlyForDeploymentPostprocessing = 0;
		};
		C2EEC6861D08C4A2006E8058 /* Frameworks */ = {
			isa = PBXFrameworksBuildPhase;
			buildActionMask = 2147483647;
			files = (
			);
			runOnlyForDeploymentPostprocessing = 0;
		};
		C2EEC6911D08C4A2006E8058 /* Frameworks */ = {
			isa = PBXFrameworksBuildPhase;
			buildActionMask = 2147483647;
			files = (
			);
			runOnlyForDeploymentPostprocessing = 0;
		};
/* End PBXFrameworksBuildPhase section */

/* Begin PBXGroup section */
		C21AFB221D2422DC00B243DB /* Service */ = {
			isa = PBXGroup;
			children = (
				C21AFB231D2422FC00B243DB /* CoreDataManager.h */,
				C21AFB241D2422FC00B243DB /* CoreDataManager.m */,
			);
			name = Service;
			sourceTree = "<group>";
		};
		C2283CC71D8C5EEF00DD3ACD /* Categories */ = {
			isa = PBXGroup;
			children = (
				C2283CC81D8C5F4500DD3ACD /* NSManagedObjectContext+Concurrent.h */,
				C2283CC91D8C5F4500DD3ACD /* NSManagedObjectContext+Concurrent.m */,
			);
			name = Categories;
			sourceTree = "<group>";
		};
		C2283CCB1D8C5FBC00DD3ACD /* DAL */ = {
			isa = PBXGroup;
			children = (
				C2283CCD1D8C600700DD3ACD /* CoreDataDAL.h */,
				C2283CCE1D8C600700DD3ACD /* CoreDataDAL.m */,
			);
			name = DAL;
			sourceTree = "<group>";
		};
		C2503C811D0F54900039C802 /* Model */ = {
			isa = PBXGroup;
			children = (
				C2283CBB1D8B567800DD3ACD /* Picture+CoreDataProperties.h */,
				C2283CBC1D8B567800DD3ACD /* Picture+CoreDataProperties.m */,
				C2283CBD1D8B567800DD3ACD /* Picture.h */,
				C2283CBE1D8B567800DD3ACD /* Picture.m */,
				C2283CBF1D8B567800DD3ACD /* Comment+CoreDataProperties.h */,
				C2283CC01D8B567800DD3ACD /* Comment+CoreDataProperties.m */,
				C2283CC11D8B567800DD3ACD /* Comment.h */,
				C2283CC21D8B567800DD3ACD /* Comment.m */,
				C2EEC67C1D08C4A2006E8058 /* PrivateJournal.xcdatamodeld */,
				C247812E1D4107F40045A79F /* NearbyLocation.h */,
				C247812F1D4107F40045A79F /* NearbyLocation.m */,
			);
			name = Model;
			sourceTree = "<group>";
		};
		C2503C821D0F549B0039C802 /* View */ = {
			isa = PBXGroup;
			children = (
				C2503C911D0F6EFE0039C802 /* CustomImageFlowLayout.h */,
				C2503C921D0F6EFE0039C802 /* CustomImageFlowLayout.m */,
				C2503C941D0F71150039C802 /* ImageCollectionViewCell.h */,
				C2503C951D0F71150039C802 /* ImageCollectionViewCell.m */,
				C20C7B641D3CC6ED00CA473F /* PIcAndCommentTableViewCell.h */,
				C20C7B651D3CC6ED00CA473F /* PIcAndCommentTableViewCell.m */,
			);
			name = View;
			sourceTree = "<group>";
		};
		C2503C831D0F54A40039C802 /* Controller */ = {
			isa = PBXGroup;
			children = (
				C2AA35D31D866D9600AB691F /* AuthenticationViewController.h */,
				C2AA35D41D866D9600AB691F /* AuthenticationViewController.m */,
				C29772C71D0D412A00FE313D /* HomeVC.h */,
				C29772C81D0D412A00FE313D /* HomeVC.m */,
				C24781321D4432A90045A79F /* PostImageVC.h */,
				C21AFB201D2407D000B243DB /* PostImageVC.m */,
				C21AFB7A1D2FF83A00B243DB /* PostDetailVC.h */,
				C21AFB7B1D2FF83A00B243DB /* PostDetailVC.m */,
				C20C7B671D3E3AC600CA473F /* AddLocationVC.h */,
				C20C7B681D3E3AC600CA473F /* AddLocationVC.m */,
			);
			name = Controller;
			sourceTree = "<group>";
		};
		C2503C841D0F54C00039C802 /* Storyboards */ = {
			isa = PBXGroup;
			children = (
				C2EEC6811D08C4A2006E8058 /* LaunchScreen.storyboard */,
				C2EEC6791D08C4A2006E8058 /* Main.storyboard */,
			);
			name = Storyboards;
			sourceTree = "<group>";
		};
		C2EEC6641D08C4A2006E8058 = {
			isa = PBXGroup;
			children = (
				C24781281D41024A0045A79F /* MapKit.framework */,
				C24781261D3FDF0D0045A79F /* CoreLocation.framework */,
				C2503C991D0F73D70039C802 /* MobileCoreServices.framework */,
				C2503C971D0F73D00039C802 /* Photos.framework */,
				C2EEC66F1D08C4A2006E8058 /* PrivateJournal */,
				C2EEC68C1D08C4A2006E8058 /* PrivateJournalTests */,
				C2EEC6971D08C4A2006E8058 /* PrivateJournalUITests */,
				C2EEC66E1D08C4A2006E8058 /* Products */,
			);
			sourceTree = "<group>";
		};
		C2EEC66E1D08C4A2006E8058 /* Products */ = {
			isa = PBXGroup;
			children = (
				C2EEC66D1D08C4A2006E8058 /* PrivateJournal.app */,
				C2EEC6891D08C4A2006E8058 /* PrivateJournalTests.xctest */,
				C2EEC6941D08C4A2006E8058 /* PrivateJournalUITests.xctest */,
			);
			name = Products;
			sourceTree = "<group>";
		};
		C2EEC66F1D08C4A2006E8058 /* PrivateJournal */ = {
			isa = PBXGroup;
			children = (
				C2EEC6731D08C4A2006E8058 /* AppDelegate.h */,
				C2EEC6741D08C4A2006E8058 /* AppDelegate.m */,
				C2283CC71D8C5EEF00DD3ACD /* Categories */,
				C2283CCB1D8C5FBC00DD3ACD /* DAL */,
				C21AFB221D2422DC00B243DB /* Service */,
				C2503C841D0F54C00039C802 /* Storyboards */,
				C2503C811D0F54900039C802 /* Model */,
				C2503C821D0F549B0039C802 /* View */,
				C2503C831D0F54A40039C802 /* Controller */,
				C2EEC67F1D08C4A2006E8058 /* Assets.xcassets */,
				C2EEC6841D08C4A2006E8058 /* Info.plist */,
				C2EEC6701D08C4A2006E8058 /* Supporting Files */,
			);
			path = PrivateJournal;
			sourceTree = "<group>";
		};
		C2EEC6701D08C4A2006E8058 /* Supporting Files */ = {
			isa = PBXGroup;
			children = (
				C2EEC6711D08C4A2006E8058 /* main.m */,
			);
			name = "Supporting Files";
			sourceTree = "<group>";
		};
		C2EEC68C1D08C4A2006E8058 /* PrivateJournalTests */ = {
			isa = PBXGroup;
			children = (
				C2EEC68D1D08C4A2006E8058 /* PrivateJournalTests.m */,
				C2EEC68F1D08C4A2006E8058 /* Info.plist */,
			);
			path = PrivateJournalTests;
			sourceTree = "<group>";
		};
		C2EEC6971D08C4A2006E8058 /* PrivateJournalUITests */ = {
			isa = PBXGroup;
			children = (
				C2EEC6981D08C4A2006E8058 /* PrivateJournalUITests.m */,
				C2EEC69A1D08C4A2006E8058 /* Info.plist */,
			);
			path = PrivateJournalUITests;
			sourceTree = "<group>";
		};
/* End PBXGroup section */

/* Begin PBXNativeTarget section */
		C2EEC66C1D08C4A2006E8058 /* PrivateJournal */ = {
			isa = PBXNativeTarget;
			buildConfigurationList = C2EEC69D1D08C4A2006E8058 /* Build configuration list for PBXNativeTarget "PrivateJournal" */;
			buildPhases = (
				C2EEC6691D08C4A2006E8058 /* Sources */,
				C2EEC66A1D08C4A2006E8058 /* Frameworks */,
				C2EEC66B1D08C4A2006E8058 /* Resources */,
			);
			buildRules = (
			);
			dependencies = (
			);
			name = PrivateJournal;
			productName = PrivateJournal;
			productReference = C2EEC66D1D08C4A2006E8058 /* PrivateJournal.app */;
			productType = "com.apple.product-type.application";
		};
		C2EEC6881D08C4A2006E8058 /* PrivateJournalTests */ = {
			isa = PBXNativeTarget;
			buildConfigurationList = C2EEC6A01D08C4A2006E8058 /* Build configuration list for PBXNativeTarget "PrivateJournalTests" */;
			buildPhases = (
				C2EEC6851D08C4A2006E8058 /* Sources */,
				C2EEC6861D08C4A2006E8058 /* Frameworks */,
				C2EEC6871D08C4A2006E8058 /* Resources */,
			);
			buildRules = (
			);
			dependencies = (
				C2EEC68B1D08C4A2006E8058 /* PBXTargetDependency */,
			);
			name = PrivateJournalTests;
			productName = PrivateJournalTests;
			productReference = C2EEC6891D08C4A2006E8058 /* PrivateJournalTests.xctest */;
			productType = "com.apple.product-type.bundle.unit-test";
		};
		C2EEC6931D08C4A2006E8058 /* PrivateJournalUITests */ = {
			isa = PBXNativeTarget;
			buildConfigurationList = C2EEC6A31D08C4A2006E8058 /* Build configuration list for PBXNativeTarget "PrivateJournalUITests" */;
			buildPhases = (
				C2EEC6901D08C4A2006E8058 /* Sources */,
				C2EEC6911D08C4A2006E8058 /* Frameworks */,
				C2EEC6921D08C4A2006E8058 /* Resources */,
			);
			buildRules = (
			);
			dependencies = (
				C2EEC6961D08C4A2006E8058 /* PBXTargetDependency */,
			);
			name = PrivateJournalUITests;
			productName = PrivateJournalUITests;
			productReference = C2EEC6941D08C4A2006E8058 /* PrivateJournalUITests.xctest */;
			productType = "com.apple.product-type.bundle.ui-testing";
		};
/* End PBXNativeTarget section */

/* Begin PBXProject section */
		C2EEC6651D08C4A2006E8058 /* Project object */ = {
			isa = PBXProject;
			attributes = {
				LastUpgradeCheck = 0730;
				ORGANIZATIONNAME = "AR-T.com, Inc.";
				TargetAttributes = {
					C2EEC66C1D08C4A2006E8058 = {
						CreatedOnToolsVersion = 7.3.1;
						DevelopmentTeam = FYX37TYYH9;
					};
					C2EEC6881D08C4A2006E8058 = {
						CreatedOnToolsVersion = 7.3.1;
						TestTargetID = C2EEC66C1D08C4A2006E8058;
					};
					C2EEC6931D08C4A2006E8058 = {
						CreatedOnToolsVersion = 7.3.1;
						TestTargetID = C2EEC66C1D08C4A2006E8058;
					};
				};
			};
			buildConfigurationList = C2EEC6681D08C4A2006E8058 /* Build configuration list for PBXProject "PrivateJournal" */;
			compatibilityVersion = "Xcode 3.2";
			developmentRegion = English;
			hasScannedForEncodings = 0;
			knownRegions = (
				en,
				Base,
			);
			mainGroup = C2EEC6641D08C4A2006E8058;
			productRefGroup = C2EEC66E1D08C4A2006E8058 /* Products */;
			projectDirPath = "";
			projectRoot = "";
			targets = (
				C2EEC66C1D08C4A2006E8058 /* PrivateJournal */,
				C2EEC6881D08C4A2006E8058 /* PrivateJournalTests */,
				C2EEC6931D08C4A2006E8058 /* PrivateJournalUITests */,
			);
		};
/* End PBXProject section */

/* Begin PBXResourcesBuildPhase section */
		C2EEC66B1D08C4A2006E8058 /* Resources */ = {
			isa = PBXResourcesBuildPhase;
			buildActionMask = 2147483647;
			files = (
				C2EEC6831D08C4A2006E8058 /* LaunchScreen.storyboard in Resources */,
				C2EEC6801D08C4A2006E8058 /* Assets.xcassets in Resources */,
				C2EEC67B1D08C4A2006E8058 /* Main.storyboard in Resources */,
			);
			runOnlyForDeploymentPostprocessing = 0;
		};
		C2EEC6871D08C4A2006E8058 /* Resources */ = {
			isa = PBXResourcesBuildPhase;
			buildActionMask = 2147483647;
			files = (
			);
			runOnlyForDeploymentPostprocessing = 0;
		};
		C2EEC6921D08C4A2006E8058 /* Resources */ = {
			isa = PBXResourcesBuildPhase;
			buildActionMask = 2147483647;
			files = (
			);
			runOnlyForDeploymentPostprocessing = 0;
		};
/* End PBXResourcesBuildPhase section */

/* Begin PBXSourcesBuildPhase section */
		C2EEC6691D08C4A2006E8058 /* Sources */ = {
			isa = PBXSourcesBuildPhase;
			buildActionMask = 2147483647;
			files = (
				C24781301D4107F40045A79F /* NearbyLocation.m in Sources */,
				C2503C931D0F6EFE0039C802 /* CustomImageFlowLayout.m in Sources */,
				C20C7B691D3E3AC600CA473F /* AddLocationVC.m in Sources */,
				C2503C961D0F71150039C802 /* ImageCollectionViewCell.m in Sources */,
				C2283CC61D8B567800DD3ACD /* Comment.m in Sources */,
				C2283CCF1D8C600700DD3ACD /* CoreDataDAL.m in Sources */,
				C2EEC67E1D08C4A2006E8058 /* PrivateJournal.xcdatamodeld in Sources */,
				C2283CCA1D8C5F4500DD3ACD /* NSManagedObjectContext+Concurrent.m in Sources */,
				C2283CC51D8B567800DD3ACD /* Comment+CoreDataProperties.m in Sources */,
				C21AFB211D2407D000B243DB /* PostImageVC.m in Sources */,
				C2283CC41D8B567800DD3ACD /* Picture.m in Sources */,
				C2283CC31D8B567800DD3ACD /* Picture+CoreDataProperties.m in Sources */,
				C20C7B661D3CC6ED00CA473F /* PIcAndCommentTableViewCell.m in Sources */,
				C2AA35D51D866D9600AB691F /* AuthenticationViewController.m in Sources */,
				C21AFB7C1D2FF83A00B243DB /* PostDetailVC.m in Sources */,
				C21AFB251D2422FC00B243DB /* CoreDataManager.m in Sources */,
				C29772C91D0D412A00FE313D /* HomeVC.m in Sources */,
				C2EEC6751D08C4A2006E8058 /* AppDelegate.m in Sources */,
				C2EEC6721D08C4A2006E8058 /* main.m in Sources */,
			);
			runOnlyForDeploymentPostprocessing = 0;
		};
		C2EEC6851D08C4A2006E8058 /* Sources */ = {
			isa = PBXSourcesBuildPhase;
			buildActionMask = 2147483647;
			files = (
				C2EEC68E1D08C4A2006E8058 /* PrivateJournalTests.m in Sources */,
			);
			runOnlyForDeploymentPostprocessing = 0;
		};
		C2EEC6901D08C4A2006E8058 /* Sources */ = {
			isa = PBXSourcesBuildPhase;
			buildActionMask = 2147483647;
			files = (
				C2EEC6991D08C4A2006E8058 /* PrivateJournalUITests.m in Sources */,
			);
			runOnlyForDeploymentPostprocessing = 0;
		};
/* End PBXSourcesBuildPhase section */

/* Begin PBXTargetDependency section */
		C2EEC68B1D08C4A2006E8058 /* PBXTargetDependency */ = {
			isa = PBXTargetDependency;
			target = C2EEC66C1D08C4A2006E8058 /* PrivateJournal */;
			targetProxy = C2EEC68A1D08C4A2006E8058 /* PBXContainerItemProxy */;
		};
		C2EEC6961D08C4A2006E8058 /* PBXTargetDependency */ = {
			isa = PBXTargetDependency;
			target = C2EEC66C1D08C4A2006E8058 /* PrivateJournal */;
			targetProxy = C2EEC6951D08C4A2006E8058 /* PBXContainerItemProxy */;
		};
/* End PBXTargetDependency section */

/* Begin PBXVariantGroup section */
		C2EEC6791D08C4A2006E8058 /* Main.storyboard */ = {
			isa = PBXVariantGroup;
			children = (
				C2EEC67A1D08C4A2006E8058 /* Base */,
			);
			name = Main.storyboard;
			sourceTree = "<group>";
		};
		C2EEC6811D08C4A2006E8058 /* LaunchScreen.storyboard */ = {
			isa = PBXVariantGroup;
			children = (
				C2EEC6821D08C4A2006E8058 /* Base */,
			);
			name = LaunchScreen.storyboard;
			sourceTree = "<group>";
		};
/* End PBXVariantGroup section */

/* Begin XCBuildConfiguration section */
		C2EEC69B1D08C4A2006E8058 /* Debug */ = {
			isa = XCBuildConfiguration;
			buildSettings = {
				ALWAYS_SEARCH_USER_PATHS = NO;
				CLANG_ANALYZER_NONNULL = YES;
				CLANG_CXX_LANGUAGE_STANDARD = "gnu++0x";
				CLANG_CXX_LIBRARY = "libc++";
				CLANG_ENABLE_MODULES = YES;
				CLANG_ENABLE_OBJC_ARC = YES;
				CLANG_WARN_BOOL_CONVERSION = YES;
				CLANG_WARN_CONSTANT_CONVERSION = YES;
				CLANG_WARN_DIRECT_OBJC_ISA_USAGE = YES_ERROR;
				CLANG_WARN_EMPTY_BODY = YES;
				CLANG_WARN_ENUM_CONVERSION = YES;
				CLANG_WARN_INT_CONVERSION = YES;
				CLANG_WARN_OBJC_ROOT_CLASS = YES_ERROR;
				CLANG_WARN_UNREACHABLE_CODE = YES;
				CLANG_WARN__DUPLICATE_METHOD_MATCH = YES;
				"CODE_SIGN_IDENTITY[sdk=iphoneos*]" = "iPhone Developer";
				COPY_PHASE_STRIP = NO;
				DEBUG_INFORMATION_FORMAT = dwarf;
				ENABLE_STRICT_OBJC_MSGSEND = YES;
				ENABLE_TESTABILITY = YES;
				GCC_C_LANGUAGE_STANDARD = gnu99;
				GCC_DYNAMIC_NO_PIC = NO;
				GCC_NO_COMMON_BLOCKS = YES;
				GCC_OPTIMIZATION_LEVEL = 0;
				GCC_PREPROCESSOR_DEFINITIONS = (
					"DEBUG=1",
					"$(inherited)",
				);
				GCC_WARN_64_TO_32_BIT_CONVERSION = YES;
				GCC_WARN_ABOUT_RETURN_TYPE = YES_ERROR;
				GCC_WARN_UNDECLARED_SELECTOR = YES;
				GCC_WARN_UNINITIALIZED_AUTOS = YES_AGGRESSIVE;
				GCC_WARN_UNUSED_FUNCTION = YES;
				GCC_WARN_UNUSED_VARIABLE = YES;
				IPHONEOS_DEPLOYMENT_TARGET = 8.0;
				MTL_ENABLE_DEBUG_INFO = YES;
				ONLY_ACTIVE_ARCH = YES;
				SDKROOT = iphoneos;
			};
			name = Debug;
		};
		C2EEC69C1D08C4A2006E8058 /* Release */ = {
			isa = XCBuildConfiguration;
			buildSettings = {
				ALWAYS_SEARCH_USER_PATHS = NO;
				CLANG_ANALYZER_NONNULL = YES;
				CLANG_CXX_LANGUAGE_STANDARD = "gnu++0x";
				CLANG_CXX_LIBRARY = "libc++";
				CLANG_ENABLE_MODULES = YES;
				CLANG_ENABLE_OBJC_ARC = YES;
				CLANG_WARN_BOOL_CONVERSION = YES;
				CLANG_WARN_CONSTANT_CONVERSION = YES;
				CLANG_WARN_DIRECT_OBJC_ISA_USAGE = YES_ERROR;
				CLANG_WARN_EMPTY_BODY = YES;
				CLANG_WARN_ENUM_CONVERSION = YES;
				CLANG_WARN_INT_CONVERSION = YES;
				CLANG_WARN_OBJC_ROOT_CLASS = YES_ERROR;
				CLANG_WARN_UNREACHABLE_CODE = YES;
				CLANG_WARN__DUPLICATE_METHOD_MATCH = YES;
				"CODE_SIGN_IDENTITY[sdk=iphoneos*]" = "iPhone Developer";
				COPY_PHASE_STRIP = NO;
				DEBUG_INFORMATION_FORMAT = "dwarf-with-dsym";
				ENABLE_NS_ASSERTIONS = NO;
				ENABLE_STRICT_OBJC_MSGSEND = YES;
				GCC_C_LANGUAGE_STANDARD = gnu99;
				GCC_NO_COMMON_BLOCKS = YES;
				GCC_WARN_64_TO_32_BIT_CONVERSION = YES;
				GCC_WARN_ABOUT_RETURN_TYPE = YES_ERROR;
				GCC_WARN_UNDECLARED_SELECTOR = YES;
				GCC_WARN_UNINITIALIZED_AUTOS = YES_AGGRESSIVE;
				GCC_WARN_UNUSED_FUNCTION = YES;
				GCC_WARN_UNUSED_VARIABLE = YES;
				IPHONEOS_DEPLOYMENT_TARGET = 8.0;
				MTL_ENABLE_DEBUG_INFO = NO;
				SDKROOT = iphoneos;
				VALIDATE_PRODUCT = YES;
			};
			name = Release;
		};
		C2EEC69E1D08C4A2006E8058 /* Debug */ = {
			isa = XCBuildConfiguration;
			buildSettings = {
				ASSETCATALOG_COMPILER_APPICON_NAME = AppIcon;
				CODE_SIGN_IDENTITY = "iPhone Developer";
				"CODE_SIGN_IDENTITY[sdk=iphoneos*]" = "iPhone Developer";
				INFOPLIST_FILE = PrivateJournal/Info.plist;
				IPHONEOS_DEPLOYMENT_TARGET = 8.0;
				LD_RUNPATH_SEARCH_PATHS = "$(inherited) @executable_path/Frameworks";
				PRODUCT_BUNDLE_IDENTIFIER = "com.AR-T.PrivateJournal";
				PRODUCT_NAME = "$(TARGET_NAME)";
				PROVISIONING_PROFILE = "";
			};
			name = Debug;
		};
		C2EEC69F1D08C4A2006E8058 /* Release */ = {
			isa = XCBuildConfiguration;
			buildSettings = {
				ASSETCATALOG_COMPILER_APPICON_NAME = AppIcon;
				CODE_SIGN_IDENTITY = "iPhone Developer";
				"CODE_SIGN_IDENTITY[sdk=iphoneos*]" = "iPhone Developer";
				INFOPLIST_FILE = PrivateJournal/Info.plist;
				IPHONEOS_DEPLOYMENT_TARGET = 8.0;
				LD_RUNPATH_SEARCH_PATHS = "$(inherited) @executable_path/Frameworks";
				PRODUCT_BUNDLE_IDENTIFIER = "com.AR-T.PrivateJournal";
				PRODUCT_NAME = "$(TARGET_NAME)";
				PROVISIONING_PROFILE = "";
			};
			name = Release;
		};
		C2EEC6A11D08C4A2006E8058 /* Debug */ = {
			isa = XCBuildConfiguration;
			buildSettings = {
				BUNDLE_LOADER = "$(TEST_HOST)";
				INFOPLIST_FILE = PrivateJournalTests/Info.plist;
				LD_RUNPATH_SEARCH_PATHS = "$(inherited) @executable_path/Frameworks @loader_path/Frameworks";
				PRODUCT_BUNDLE_IDENTIFIER = "com.AR-T.PrivateJournalTests";
				PRODUCT_NAME = "$(TARGET_NAME)";
				TEST_HOST = "$(BUILT_PRODUCTS_DIR)/PrivateJournal.app/PrivateJournal";
			};
			name = Debug;
		};
		C2EEC6A21D08C4A2006E8058 /* Release */ = {
			isa = XCBuildConfiguration;
			buildSettings = {
				BUNDLE_LOADER = "$(TEST_HOST)";
				INFOPLIST_FILE = PrivateJournalTests/Info.plist;
				LD_RUNPATH_SEARCH_PATHS = "$(inherited) @executable_path/Frameworks @loader_path/Frameworks";
				PRODUCT_BUNDLE_IDENTIFIER = "com.AR-T.PrivateJournalTests";
				PRODUCT_NAME = "$(TARGET_NAME)";
				TEST_HOST = "$(BUILT_PRODUCTS_DIR)/PrivateJournal.app/PrivateJournal";
			};
			name = Release;
		};
		C2EEC6A41D08C4A2006E8058 /* Debug */ = {
			isa = XCBuildConfiguration;
			buildSettings = {
				INFOPLIST_FILE = PrivateJournalUITests/Info.plist;
				LD_RUNPATH_SEARCH_PATHS = "$(inherited) @executable_path/Frameworks @loader_path/Frameworks";
				PRODUCT_BUNDLE_IDENTIFIER = "com.AR-T.PrivateJournalUITests";
				PRODUCT_NAME = "$(TARGET_NAME)";
				TEST_TARGET_NAME = PrivateJournal;
			};
			name = Debug;
		};
		C2EEC6A51D08C4A2006E8058 /* Release */ = {
			isa = XCBuildConfiguration;
			buildSettings = {
				INFOPLIST_FILE = PrivateJournalUITests/Info.plist;
				LD_RUNPATH_SEARCH_PATHS = "$(inherited) @executable_path/Frameworks @loader_path/Frameworks";
				PRODUCT_BUNDLE_IDENTIFIER = "com.AR-T.PrivateJournalUITests";
				PRODUCT_NAME = "$(TARGET_NAME)";
				TEST_TARGET_NAME = PrivateJournal;
			};
			name = Release;
		};
/* End XCBuildConfiguration section */

/* Begin XCConfigurationList section */
		C2EEC6681D08C4A2006E8058 /* Build configuration list for PBXProject "PrivateJournal" */ = {
			isa = XCConfigurationList;
			buildConfigurations = (
				C2EEC69B1D08C4A2006E8058 /* Debug */,
				C2EEC69C1D08C4A2006E8058 /* Release */,
			);
			defaultConfigurationIsVisible = 0;
			defaultConfigurationName = Release;
		};
		C2EEC69D1D08C4A2006E8058 /* Build configuration list for PBXNativeTarget "PrivateJournal" */ = {
			isa = XCConfigurationList;
			buildConfigurations = (
				C2EEC69E1D08C4A2006E8058 /* Debug */,
				C2EEC69F1D08C4A2006E8058 /* Release */,
			);
			defaultConfigurationIsVisible = 0;
			defaultConfigurationName = Release;
		};
		C2EEC6A01D08C4A2006E8058 /* Build configuration list for PBXNativeTarget "PrivateJournalTests" */ = {
			isa = XCConfigurationList;
			buildConfigurations = (
				C2EEC6A11D08C4A2006E8058 /* Debug */,
				C2EEC6A21D08C4A2006E8058 /* Release */,
			);
			defaultConfigurationIsVisible = 0;
			defaultConfigurationName = Release;
		};
		C2EEC6A31D08C4A2006E8058 /* Build configuration list for PBXNativeTarget "PrivateJournalUITests" */ = {
			isa = XCConfigurationList;
			buildConfigurations = (
				C2EEC6A41D08C4A2006E8058 /* Debug */,
				C2EEC6A51D08C4A2006E8058 /* Release */,
			);
			defaultConfigurationIsVisible = 0;
			defaultConfigurationName = Release;
		};
/* End XCConfigurationList section */

/* Begin XCVersionGroup section */
		C2EEC67C1D08C4A2006E8058 /* PrivateJournal.xcdatamodeld */ = {
			isa = XCVersionGroup;
			children = (
				C2EEC67D1D08C4A2006E8058 /* PrivateJournal.xcdatamodel */,
			);
			currentVersion = C2EEC67D1D08C4A2006E8058 /* PrivateJournal.xcdatamodel */;
			path = PrivateJournal.xcdatamodeld;
			sourceTree = "<group>";
			versionGroupType = wrapper.xcdatamodel;
		};
/* End XCVersionGroup section */
	};
	rootObject = C2EEC6651D08C4A2006E8058 /* Project object */;
}
